
Microsoft Visual Studio Solution File, Format Version 12.00
# Visual Studio Version 17
VisualStudioVersion = 17.1.32421.90
MinimumVisualStudioVersion = 10.0.40219.1
Project("{FAE04EC0-301F-11D3-BF4B-00C04F79EFBC}") = "EasyFix", "EasyFix\EasyFix.csproj", "{3D776989-DEBA-4FFE-8299-D27CCEA2FCE6}"
EndProject
Global
	GlobalSection(SolutionConfigurationPlatforms) = preSolution
		Debug|Any CPU = Debug|Any CPU
		Release|Any CPU = Release|Any CPU
	EndGlobalSection
	GlobalSection(ProjectConfigurationPlatforms) = postSolution
		{3D776989-DEBA-4FFE-8299-D27CCEA2FCE6}.Debug|Any CPU.ActiveCfg = Debug|Any CPU
		{3D776989-DEBA-4FFE-8299-D27CCEA2FCE6}.Debug|Any CPU.Build.0 = Debug|Any CPU
		{3D776989-DEBA-4FFE-8299-D27CCEA2FCE6}.Release|Any CPU.ActiveCfg = Release|Any CPU
		{3D776989-DEBA-4FFE-8299-D27CCEA2FCE6}.Release|Any CPU.Build.0 = Release|Any CPU
	EndGlobalSection
	GlobalSection(SolutionProperties) = preSolution
		HideSolutionNode = FALSE
	EndGlobalSection
	GlobalSection(ExtensibilityGlobals) = postSolution
		SolutionGuid = {C22B0691-A2DA-4CB9-A079-D51012B058DD}
	EndGlobalSection
EndGlobal
